
Microsoft Visual Studio Solution File, Format Version 12.00
# Visual Studio Version 17
VisualStudioVersion = 17.0.31903.59
MinimumVisualStudioVersion = 10.0.40219.1
Project("{2150E333-8FDC-42A3-9474-1A3956D46DE8}") = "src", "src", "{827E0CD3-B72D-47B6-A68D-7590B98EB39B}"
EndProject
Project("{FAE04EC0-301F-11D3-BF4B-00C04F79EFBC}") = "Velocity.Abstractions", "src\Velocity.Abstractions\Velocity.Abstractions.csproj", "{759B03FD-48C1-4E79-A086-C4802D31849B}"
EndProject
Project("{FAE04EC0-301F-11D3-BF4B-00C04F79EFBC}") = "Velocity.Diagnostics", "src\Velocity.Diagnostics\Velocity.Diagnostics.csproj", "{37B469A1-B268-432C-BCB4-061A50AB55C9}"
EndProject
Project("{FAE04EC0-301F-11D3-BF4B-00C04F79EFBC}") = "Velocity.Data", "src\Velocity.Data\Velocity.Data.csproj", "{EAE78264-E6FA-40FC-A799-D05C4AF8AC51}"
EndProject
Project("{FAE04EC0-301F-11D3-BF4B-00C04F79EFBC}") = "Velocity.Core", "src\Velocity.Core\Velocity.Core.csproj", "{10EA7F17-5854-440D-A518-600A66C8BC00}"
EndProject
Project("{FAE04EC0-301F-11D3-BF4B-00C04F79EFBC}") = "Velocity.Ipc", "src\Velocity.Ipc\Velocity.Ipc.csproj", "{B7ECAF07-EDE7-46D1-80FE-90E32CCB45D3}"
EndProject
Project("{FAE04EC0-301F-11D3-BF4B-00C04F79EFBC}") = "Velocity.Platform.Windows", "src\Velocity.Platform.Windows\Velocity.Platform.Windows.csproj", "{70B6134E-5A09-453B-9755-801B7A7D0699}"
EndProject
Project("{FAE04EC0-301F-11D3-BF4B-00C04F79EFBC}") = "Velocity.Helper", "src\Velocity.Helper\Velocity.Helper.csproj", "{6BC7625F-4F07-47D3-BC82-3BD3FB29C29D}"
EndProject
Project("{FAE04EC0-301F-11D3-BF4B-00C04F79EFBC}") = "Velocity.Presentation", "src\Velocity.Presentation\Velocity.Presentation.csproj", "{F9EBB52F-22E9-4C7F-BE3C-FBC9F372B13C}"
EndProject
Project("{FAE04EC0-301F-11D3-BF4B-00C04F79EFBC}") = "Velocity.Cli", "src\Velocity.Cli\Velocity.Cli.csproj", "{2D55CBD8-6943-464E-8641-E3CFDF7D92DB}"
EndProject
Project("{2150E333-8FDC-42A3-9474-1A3956D46DE8}") = "tests", "tests", "{0AB3BF05-4346-4AA6-1389-037BE0695223}"
EndProject
Project("{FAE04EC0-301F-11D3-BF4B-00C04F79EFBC}") = "Velocity.TestSupport", "tests\Velocity.TestSupport\Velocity.TestSupport.csproj", "{5AF6DA2A-F68D-40F3-879C-9A2397CA0D22}"
EndProject
Project("{FAE04EC0-301F-11D3-BF4B-00C04F79EFBC}") = "Velocity.Core.Tests", "tests\Velocity.Core.Tests\Velocity.Core.Tests.csproj", "{30EADD0A-697E-4616-9232-341B5AD5E81C}"
EndProject
Project("{FAE04EC0-301F-11D3-BF4B-00C04F79EFBC}") = "Velocity.Data.Tests", "tests\Velocity.Data.Tests\Velocity.Data.Tests.csproj", "{1C0D50E4-1A2E-4987-8274-2F1091D62E64}"
EndProject
Project("{FAE04EC0-301F-11D3-BF4B-00C04F79EFBC}") = "Velocity.Ipc.Tests", "tests\Velocity.Ipc.Tests\Velocity.Ipc.Tests.csproj", "{AC48049A-F1CF-45C1-B285-679369E03099}"
EndProject
Project("{FAE04EC0-301F-11D3-BF4B-00C04F79EFBC}") = "Velocity.Presentation.Tests", "tests\Velocity.Presentation.Tests\Velocity.Presentation.Tests.csproj", "{C6978EEA-DE08-4A8F-AEB2-823D8965CA4E}"
EndProject
Global
	GlobalSection(SolutionConfigurationPlatforms) = preSolution
		Debug|Any CPU = Debug|Any CPU
		Debug|x64 = Debug|x64
		Debug|x86 = Debug|x86
		Release|Any CPU = Release|Any CPU
		Release|x64 = Release|x64
		Release|x86 = Release|x86
	EndGlobalSection
	GlobalSection(ProjectConfigurationPlatforms) = postSolution
		{759B03FD-48C1-4E79-A086-C4802D31849B}.Debug|Any CPU.ActiveCfg = Debug|Any CPU
		{759B03FD-48C1-4E79-A086-C4802D31849B}.Debug|Any CPU.Build.0 = Debug|Any CPU
		{759B03FD-48C1-4E79-A086-C4802D31849B}.Debug|x64.ActiveCfg = Debug|Any CPU
		{759B03FD-48C1-4E79-A086-C4802D31849B}.Debug|x64.Build.0 = Debug|Any CPU
		{759B03FD-48C1-4E79-A086-C4802D31849B}.Debug|x86.ActiveCfg = Debug|Any CPU
		{759B03FD-48C1-4E79-A086-C4802D31849B}.Debug|x86.Build.0 = Debug|Any CPU
		{759B03FD-48C1-4E79-A086-C4802D31849B}.Release|Any CPU.ActiveCfg = Release|Any CPU
		{759B03FD-48C1-4E79-A086-C4802D31849B}.Release|Any CPU.Build.0 = Release|Any CPU
		{759B03FD-48C1-4E79-A086-C4802D31849B}.Release|x64.ActiveCfg = Release|Any CPU
		{759B03FD-48C1-4E79-A086-C4802D31849B}.Release|x64.Build.0 = Release|Any CPU
		{759B03FD-48C1-4E79-A086-C4802D31849B}.Release|x86.ActiveCfg = Release|Any CPU
		{759B03FD-48C1-4E79-A086-C4802D31849B}.Release|x86.Build.0 = Release|Any CPU
		{37B469A1-B268-432C-BCB4-061A50AB55C9}.Debug|Any CPU.ActiveCfg = Debug|Any CPU
		{37B469A1-B268-432C-BCB4-061A50AB55C9}.Debug|Any CPU.Build.0 = Debug|Any CPU
		{37B469A1-B268-432C-BCB4-061A50AB55C9}.Debug|x64.ActiveCfg = Debug|Any CPU
		{37B469A1-B268-432C-BCB4-061A50AB55C9}.Debug|x64.Build.0 = Debug|Any CPU
		{37B469A1-B268-432C-BCB4-061A50AB55C9}.Debug|x86.ActiveCfg = Debug|Any CPU
		{37B469A1-B268-432C-BCB4-061A50AB55C9}.Debug|x86.Build.0 = Debug|Any CPU
		{37B469A1-B268-432C-BCB4-061A50AB55C9}.Release|Any CPU.ActiveCfg = Release|Any CPU
		{37B469A1-B268-432C-BCB4-061A50AB55C9}.Release|Any CPU.Build.0 = Release|Any CPU
		{37B469A1-B268-432C-BCB4-061A50AB55C9}.Release|x64.ActiveCfg = Release|Any CPU
		{37B469A1-B268-432C-BCB4-061A50AB55C9}.Release|x64.Build.0 = Release|Any CPU
		{37B469A1-B268-432C-BCB4-061A50AB55C9}.Release|x86.ActiveCfg = Release|Any CPU
		{37B469A1-B268-432C-BCB4-061A50AB55C9}.Release|x86.Build.0 = Release|Any CPU
		{EAE78264-E6FA-40FC-A799-D05C4AF8AC51}.Debug|Any CPU.ActiveCfg = Debug|Any CPU
		{EAE78264-E6FA-40FC-A799-D05C4AF8AC51}.Debug|Any CPU.Build.0 = Debug|Any CPU
		{EAE78264-E6FA-40FC-A799-D05C4AF8AC51}.Debug|x64.ActiveCfg = Debug|Any CPU
		{EAE78264-E6FA-40FC-A799-D05C4AF8AC51}.Debug|x64.Build.0 = Debug|Any CPU
		{EAE78264-E6FA-40FC-A799-D05C4AF8AC51}.Debug|x86.ActiveCfg = Debug|Any CPU
		{EAE78264-E6FA-40FC-A799-D05C4AF8AC51}.Debug|x86.Build.0 = Debug|Any CPU
		{EAE78264-E6FA-40FC-A799-D05C4AF8AC51}.Release|Any CPU.ActiveCfg = Release|Any CPU
		{EAE78264-E6FA-40FC-A799-D05C4AF8AC51}.Release|Any CPU.Build.0 = Release|Any CPU
		{EAE78264-E6FA-40FC-A799-D05C4AF8AC51}.Release|x64.ActiveCfg = Release|Any CPU
		{EAE78264-E6FA-40FC-A799-D05C4AF8AC51}.Release|x64.Build.0 = Release|Any CPU
		{EAE78264-E6FA-40FC-A799-D05C4AF8AC51}.Release|x86.ActiveCfg = Release|Any CPU
		{EAE78264-E6FA-40FC-A799-D05C4AF8AC51}.Release|x86.Build.0 = Release|Any CPU
		{10EA7F17-5854-440D-A518-600A66C8BC00}.Debug|Any CPU.ActiveCfg = Debug|Any CPU
		{10EA7F17-5854-440D-A518-600A66C8BC00}.Debug|Any CPU.Build.0 = Debug|Any CPU
		{10EA7F17-5854-440D-A518-600A66C8BC00}.Debug|x64.ActiveCfg = Debug|Any CPU
		{10EA7F17-5854-440D-A518-600A66C8BC00}.Debug|x64.Build.0 = Debug|Any CPU
		{10EA7F17-5854-440D-A518-600A66C8BC00}.Debug|x86.ActiveCfg = Debug|Any CPU
		{10EA7F17-5854-440D-A518-600A66C8BC00}.Debug|x86.Build.0 = Debug|Any CPU
		{10EA7F17-5854-440D-A518-600A66C8BC00}.Release|Any CPU.ActiveCfg = Release|Any CPU
		{10EA7F17-5854-440D-A518-600A66C8BC00}.Release|Any CPU.Build.0 = Release|Any CPU
		{10EA7F17-5854-440D-A518-600A66C8BC00}.Release|x64.ActiveCfg = Release|Any CPU
		{10EA7F17-5854-440D-A518-600A66C8BC00}.Release|x64.Build.0 = Release|Any CPU
		{10EA7F17-5854-440D-A518-600A66C8BC00}.Release|x86.ActiveCfg = Release|Any CPU
		{10EA7F17-5854-440D-A518-600A66C8BC00}.Release|x86.Build.0 = Release|Any CPU
		{B7ECAF07-EDE7-46D1-80FE-90E32CCB45D3}.Debug|Any CPU.ActiveCfg = Debug|Any CPU
		{B7ECAF07-EDE7-46D1-80FE-90E32CCB45D3}.Debug|Any CPU.Build.0 = Debug|Any CPU
		{B7ECAF07-EDE7-46D1-80FE-90E32CCB45D3}.Debug|x64.ActiveCfg = Debug|Any CPU
		{B7ECAF07-EDE7-46D1-80FE-90E32CCB45D3}.Debug|x64.Build.0 = Debug|Any CPU
		{B7ECAF07-EDE7-46D1-80FE-90E32CCB45D3}.Debug|x86.ActiveCfg = Debug|Any CPU
		{B7ECAF07-EDE7-46D1-80FE-90E32CCB45D3}.Debug|x86.Build.0 = Debug|Any CPU
		{B7ECAF07-EDE7-46D1-80FE-90E32CCB45D3}.Release|Any CPU.ActiveCfg = Release|Any CPU
		{B7ECAF07-EDE7-46D1-80FE-90E32CCB45D3}.Release|Any CPU.Build.0 = Release|Any CPU
		{B7ECAF07-EDE7-46D1-80FE-90E32CCB45D3}.Release|x64.ActiveCfg = Release|Any CPU
		{B7ECAF07-EDE7-46D1-80FE-90E32CCB45D3}.Release|x64.Build.0 = Release|Any CPU
		{B7ECAF07-EDE7-46D1-80FE-90E32CCB45D3}.Release|x86.ActiveCfg = Release|Any CPU
		{B7ECAF07-EDE7-46D1-80FE-90E32CCB45D3}.Release|x86.Build.0 = Release|Any CPU
		{70B6134E-5A09-453B-9755-801B7A7D0699}.Debug|Any CPU.ActiveCfg = Debug|Any CPU
		{70B6134E-5A09-453B-9755-801B7A7D0699}.Debug|Any CPU.Build.0 = Debug|Any CPU
		{70B6134E-5A09-453B-9755-801B7A7D0699}.Debug|x64.ActiveCfg = Debug|Any CPU
		{70B6134E-5A09-453B-9755-801B7A7D0699}.Debug|x64.Build.0 = Debug|Any CPU
		{70B6134E-5A09-453B-9755-801B7A7D0699}.Debug|x86.ActiveCfg = Debug|Any CPU
		{70B6134E-5A09-453B-9755-801B7A7D0699}.Debug|x86.Build.0 = Debug|Any CPU
		{70B6134E-5A09-453B-9755-801B7A7D0699}.Release|Any CPU.ActiveCfg = Release|Any CPU
		{70B6134E-5A09-453B-9755-801B7A7D0699}.Release|Any CPU.Build.0 = Release|Any CPU
		{70B6134E-5A09-453B-9755-801B7A7D0699}.Release|x64.ActiveCfg = Release|Any CPU
		{70B6134E-5A09-453B-9755-801B7A7D0699}.Release|x64.Build.0 = Release|Any CPU
		{70B6134E-5A09-453B-9755-801B7A7D0699}.Release|x86.ActiveCfg = Release|Any CPU
		{70B6134E-5A09-453B-9755-801B7A7D0699}.Release|x86.Build.0 = Release|Any CPU
		{6BC7625F-4F07-47D3-BC82-3BD3FB29C29D}.Debug|Any CPU.ActiveCfg = Debug|Any CPU
		{6BC7625F-4F07-47D3-BC82-3BD3FB29C29D}.Debug|Any CPU.Build.0 = Debug|Any CPU
		{6BC7625F-4F07-47D3-BC82-3BD3FB29C29D}.Debug|x64.ActiveCfg = Debug|Any CPU
		{6BC7625F-4F07-47D3-BC82-3BD3FB29C29D}.Debug|x64.Build.0 = Debug|Any CPU
		{6BC7625F-4F07-47D3-BC82-3BD3FB29C29D}.Debug|x86.ActiveCfg = Debug|Any CPU
		{6BC7625F-4F07-47D3-BC82-3BD3FB29C29D}.Debug|x86.Build.0 = Debug|Any CPU
		{6BC7625F-4F07-47D3-BC82-3BD3FB29C29D}.Release|Any CPU.ActiveCfg = Release|Any CPU
		{6BC7625F-4F07-47D3-BC82-3BD3FB29C29D}.Release|Any CPU.Build.0 = Release|Any CPU
		{6BC7625F-4F07-47D3-BC82-3BD3FB29C29D}.Release|x64.ActiveCfg = Release|Any CPU
		{6BC7625F-4F07-47D3-BC82-3BD3FB29C29D}.Release|x64.Build.0 = Release|Any CPU
		{6BC7625F-4F07-47D3-BC82-3BD3FB29C29D}.Release|x86.ActiveCfg = Release|Any CPU
		{6BC7625F-4F07-47D3-BC82-3BD3FB29C29D}.Release|x86.Build.0 = Release|Any CPU
		{F9EBB52F-22E9-4C7F-BE3C-FBC9F372B13C}.Debug|Any CPU.ActiveCfg = Debug|Any CPU
		{F9EBB52F-22E9-4C7F-BE3C-FBC9F372B13C}.Debug|Any CPU.Build.0 = Debug|Any CPU
		{F9EBB52F-22E9-4C7F-BE3C-FBC9F372B13C}.Debug|x64.ActiveCfg = Debug|Any CPU
		{F9EBB52F-22E9-4C7F-BE3C-FBC9F372B13C}.Debug|x64.Build.0 = Debug|Any CPU
		{F9EBB52F-22E9-4C7F-BE3C-FBC9F372B13C}.Debug|x86.ActiveCfg = Debug|Any CPU
		{F9EBB52F-22E9-4C7F-BE3C-FBC9F372B13C}.Debug|x86.Build.0 = Debug|Any CPU
		{F9EBB52F-22E9-4C7F-BE3C-FBC9F372B13C}.Release|Any CPU.ActiveCfg = Release|Any CPU
		{F9EBB52F-22E9-4C7F-BE3C-FBC9F372B13C}.Release|Any CPU.Build.0 = Release|Any CPU
		{F9EBB52F-22E9-4C7F-BE3C-FBC9F372B13C}.Release|x64.ActiveCfg = Release|Any CPU
		{F9EBB52F-22E9-4C7F-BE3C-FBC9F372B13C}.Release|x64.Build.0 = Release|Any CPU
		{F9EBB52F-22E9-4C7F-BE3C-FBC9F372B13C}.Release|x86.ActiveCfg = Release|Any CPU
		{F9EBB52F-22E9-4C7F-BE3C-FBC9F372B13C}.Release|x86.Build.0 = Release|Any CPU
		{2D55CBD8-6943-464E-8641-E3CFDF7D92DB}.Debug|Any CPU.ActiveCfg = Debug|Any CPU
		{2D55CBD8-6943-464E-8641-E3CFDF7D92DB}.Debug|Any CPU.Build.0 = Debug|Any CPU
		{2D55CBD8-6943-464E-8641-E3CFDF7D92DB}.Debug|x64.ActiveCfg = Debug|Any CPU
		{2D55CBD8-6943-464E-8641-E3CFDF7D92DB}.Debug|x64.Build.0 = Debug|Any CPU
		{2D55CBD8-6943-464E-8641-E3CFDF7D92DB}.Debug|x86.ActiveCfg = Debug|Any CPU
		{2D55CBD8-6943-464E-8641-E3CFDF7D92DB}.Debug|x86.Build.0 = Debug|Any CPU
		{2D55CBD8-6943-464E-8641-E3CFDF7D92DB}.Release|Any CPU.ActiveCfg = Release|Any CPU
		{2D55CBD8-6943-464E-8641-E3CFDF7D92DB}.Release|Any CPU.Build.0 = Release|Any CPU
		{2D55CBD8-6943-464E-8641-E3CFDF7D92DB}.Release|x64.ActiveCfg = Release|Any CPU
		{2D55CBD8-6943-464E-8641-E3CFDF7D92DB}.Release|x64.Build.0 = Release|Any CPU
		{2D55CBD8-6943-464E-8641-E3CFDF7D92DB}.Release|x86.ActiveCfg = Release|Any CPU
		{2D55CBD8-6943-464E-8641-E3CFDF7D92DB}.Release|x86.Build.0 = Release|Any CPU
		{5AF6DA2A-F68D-40F3-879C-9A2397CA0D22}.Debug|Any CPU.ActiveCfg = Debug|Any CPU
		{5AF6DA2A-F68D-40F3-879C-9A2397CA0D22}.Debug|Any CPU.Build.0 = Debug|Any CPU
		{5AF6DA2A-F68D-40F3-879C-9A2397CA0D22}.Debug|x64.ActiveCfg = Debug|Any CPU
		{5AF6DA2A-F68D-40F3-879C-9A2397CA0D22}.Debug|x64.Build.0 = Debug|Any CPU
		{5AF6DA2A-F68D-40F3-879C-9A2397CA0D22}.Debug|x86.ActiveCfg = Debug|Any CPU
		{5AF6DA2A-F68D-40F3-879C-9A2397CA0D22}.Debug|x86.Build.0 = Debug|Any CPU
		{5AF6DA2A-F68D-40F3-879C-9A2397CA0D22}.Release|Any CPU.ActiveCfg = Release|Any CPU
		{5AF6DA2A-F68D-40F3-879C-9A2397CA0D22}.Release|Any CPU.Build.0 = Release|Any CPU
		{5AF6DA2A-F68D-40F3-879C-9A2397CA0D22}.Release|x64.ActiveCfg = Release|Any CPU
		{5AF6DA2A-F68D-40F3-879C-9A2397CA0D22}.Release|x64.Build.0 = Release|Any CPU
		{5AF6DA2A-F68D-40F3-879C-9A2397CA0D22}.Release|x86.ActiveCfg = Release|Any CPU
		{5AF6DA2A-F68D-40F3-879C-9A2397CA0D22}.Release|x86.Build.0 = Release|Any CPU
		{30EADD0A-697E-4616-9232-341B5AD5E81C}.Debug|Any CPU.ActiveCfg = Debug|Any CPU
		{30EADD0A-697E-4616-9232-341B5AD5E81C}.Debug|Any CPU.Build.0 = Debug|Any CPU
		{30EADD0A-697E-4616-9232-341B5AD5E81C}.Debug|x64.ActiveCfg = Debug|Any CPU
		{30EADD0A-697E-4616-9232-341B5AD5E81C}.Debug|x64.Build.0 = Debug|Any CPU
		{30EADD0A-697E-4616-9232-341B5AD5E81C}.Debug|x86.ActiveCfg = Debug|Any CPU
		{30EADD0A-697E-4616-9232-341B5AD5E81C}.Debug|x86.Build.0 = Debug|Any CPU
		{30EADD0A-697E-4616-9232-341B5AD5E81C}.Release|Any CPU.ActiveCfg = Release|Any CPU
		{30EADD0A-697E-4616-9232-341B5AD5E81C}.Release|Any CPU.Build.0 = Release|Any CPU
		{30EADD0A-697E-4616-9232-341B5AD5E81C}.Release|x64.ActiveCfg = Release|Any CPU
		{30EADD0A-697E-4616-9232-341B5AD5E81C}.Release|x64.Build.0 = Release|Any CPU
		{30EADD0A-697E-4616-9232-341B5AD5E81C}.Release|x86.ActiveCfg = Release|Any CPU
		{30EADD0A-697E-4616-9232-341B5AD5E81C}.Release|x86.Build.0 = Release|Any CPU
		{1C0D50E4-1A2E-4987-8274-2F1091D62E64}.Debug|Any CPU.ActiveCfg = Debug|Any CPU
		{1C0D50E4-1A2E-4987-8274-2F1091D62E64}.Debug|Any CPU.Build.0 = Debug|Any CPU
		{1C0D50E4-1A2E-4987-8274-2F1091D62E64}.Debug|x64.ActiveCfg = Debug|Any CPU
		{1C0D50E4-1A2E-4987-8274-2F1091D62E64}.Debug|x64.Build.0 = Debug|Any CPU
		{1C0D50E4-1A2E-4987-8274-2F1091D62E64}.Debug|x86.ActiveCfg = Debug|Any CPU
		{1C0D50E4-1A2E-4987-8274-2F1091D62E64}.Debug|x86.Build.0 = Debug|Any CPU
		{1C0D50E4-1A2E-4987-8274-2F1091D62E64}.Release|Any CPU.ActiveCfg = Release|Any CPU
		{1C0D50E4-1A2E-4987-8274-2F1091D62E64}.Release|Any CPU.Build.0 = Release|Any CPU
		{1C0D50E4-1A2E-4987-8274-2F1091D62E64}.Release|x64.ActiveCfg = Release|Any CPU
		{1C0D50E4-1A2E-4987-8274-2F1091D62E64}.Release|x64.Build.0 = Release|Any CPU
		{1C0D50E4-1A2E-4987-8274-2F1091D62E64}.Release|x86.ActiveCfg = Release|Any CPU
		{1C0D50E4-1A2E-4987-8274-2F1091D62E64}.Release|x86.Build.0 = Release|Any CPU
		{AC48049A-F1CF-45C1-B285-679369E03099}.Debug|Any CPU.ActiveCfg = Debug|Any CPU
		{AC48049A-F1CF-45C1-B285-679369E03099}.Debug|Any CPU.Build.0 = Debug|Any CPU
		{AC48049A-F1CF-45C1-B285-679369E03099}.Debug|x64.ActiveCfg = Debug|Any CPU
		{AC48049A-F1CF-45C1-B285-679369E03099}.Debug|x64.Build.0 = Debug|Any CPU
		{AC48049A-F1CF-45C1-B285-679369E03099}.Debug|x86.ActiveCfg = Debug|Any CPU
		{AC48049A-F1CF-45C1-B285-679369E03099}.Debug|x86.Build.0 = Debug|Any CPU
		{AC48049A-F1CF-45C1-B285-679369E03099}.Release|Any CPU.ActiveCfg = Release|Any CPU
		{AC48049A-F1CF-45C1-B285-679369E03099}.Release|Any CPU.Build.0 = Release|Any CPU
		{AC48049A-F1CF-45C1-B285-679369E03099}.Release|x64.ActiveCfg = Release|Any CPU
		{AC48049A-F1CF-45C1-B285-679369E03099}.Release|x64.Build.0 = Release|Any CPU
		{AC48049A-F1CF-45C1-B285-679369E03099}.Release|x86.ActiveCfg = Release|Any CPU
		{AC48049A-F1CF-45C1-B285-679369E03099}.Release|x86.Build.0 = Release|Any CPU
		{C6978EEA-DE08-4A8F-AEB2-823D8965CA4E}.Debug|Any CPU.ActiveCfg = Debug|Any CPU
		{C6978EEA-DE08-4A8F-AEB2-823D8965CA4E}.Debug|Any CPU.Build.0 = Debug|Any CPU
		{C6978EEA-DE08-4A8F-AEB2-823D8965CA4E}.Debug|x64.ActiveCfg = Debug|Any CPU
		{C6978EEA-DE08-4A8F-AEB2-823D8965CA4E}.Debug|x64.Build.0 = Debug|Any CPU
		{C6978EEA-DE08-4A8F-AEB2-823D8965CA4E}.Debug|x86.ActiveCfg = Debug|Any CPU
		{C6978EEA-DE08-4A8F-AEB2-823D8965CA4E}.Debug|x86.Build.0 = Debug|Any CPU
		{C6978EEA-DE08-4A8F-AEB2-823D8965CA4E}.Release|Any CPU.ActiveCfg = Release|Any CPU
		{C6978EEA-DE08-4A8F-AEB2-823D8965CA4E}.Release|Any CPU.Build.0 = Release|Any CPU
		{C6978EEA-DE08-4A8F-AEB2-823D8965CA4E}.Release|x64.ActiveCfg = Release|Any CPU
		{C6978EEA-DE08-4A8F-AEB2-823D8965CA4E}.Release|x64.Build.0 = Release|Any CPU
		{C6978EEA-DE08-4A8F-AEB2-823D8965CA4E}.Release|x86.ActiveCfg = Release|Any CPU
		{C6978EEA-DE08-4A8F-AEB2-823D8965CA4E}.Release|x86.Build.0 = Release|Any CPU
	EndGlobalSection
	GlobalSection(SolutionProperties) = preSolution
		HideSolutionNode = FALSE
	EndGlobalSection
	GlobalSection(NestedProjects) = preSolution
		{759B03FD-48C1-4E79-A086-C4802D31849B} = {827E0CD3-B72D-47B6-A68D-7590B98EB39B}
		{37B469A1-B268-432C-BCB4-061A50AB55C9} = {827E0CD3-B72D-47B6-A68D-7590B98EB39B}
		{EAE78264-E6FA-40FC-A799-D05C4AF8AC51} = {827E0CD3-B72D-47B6-A68D-7590B98EB39B}
		{10EA7F17-5854-440D-A518-600A66C8BC00} = {827E0CD3-B72D-47B6-A68D-7590B98EB39B}
		{B7ECAF07-EDE7-46D1-80FE-90E32CCB45D3} = {827E0CD3-B72D-47B6-A68D-7590B98EB39B}
		{70B6134E-5A09-453B-9755-801B7A7D0699} = {827E0CD3-B72D-47B6-A68D-7590B98EB39B}
		{6BC7625F-4F07-47D3-BC82-3BD3FB29C29D} = {827E0CD3-B72D-47B6-A68D-7590B98EB39B}
		{F9EBB52F-22E9-4C7F-BE3C-FBC9F372B13C} = {827E0CD3-B72D-47B6-A68D-7590B98EB39B}
		{2D55CBD8-6943-464E-8641-E3CFDF7D92DB} = {827E0CD3-B72D-47B6-A68D-7590B98EB39B}
		{5AF6DA2A-F68D-40F3-879C-9A2397CA0D22} = {0AB3BF05-4346-4AA6-1389-037BE0695223}
		{30EADD0A-697E-4616-9232-341B5AD5E81C} = {0AB3BF05-4346-4AA6-1389-037BE0695223}
		{1C0D50E4-1A2E-4987-8274-2F1091D62E64} = {0AB3BF05-4346-4AA6-1389-037BE0695223}
		{AC48049A-F1CF-45C1-B285-679369E03099} = {0AB3BF05-4346-4AA6-1389-037BE0695223}
		{C6978EEA-DE08-4A8F-AEB2-823D8965CA4E} = {0AB3BF05-4346-4AA6-1389-037BE0695223}
	EndGlobalSection
EndGlobal
